{
  "name": "@ohif/extension-cornerstone-spherical-growcut",
  "version": "0.0.1",
  "lockfileVersion": 1,
  "requires": true,
  "dependencies": {
    "@babel/polyfill": {
      "version": "7.7.0",
      "resolved": "https://registry.npmjs.org/@babel/polyfill/-/polyfill-7.7.0.tgz",
      "integrity": "sha512-/TS23MVvo34dFmf8mwCisCbWGrfhbiWZSwBo6HkADTBhUa2Q/jWltyY/tpofz/b6/RIhqaqQcquptCirqIhOaQ==",
      "requires": {
        "core-js": "^2.6.5",
        "regenerator-runtime": "^0.13.2"
      }
    },
    "@babel/runtime": {
      "version": "7.7.4",
      "resolved": "https://registry.npmjs.org/@babel/runtime/-/runtime-7.7.4.tgz",
      "integrity": "sha512-r24eVUUr0QqNZa+qrImUk8fn5SPhHq+IfYvIoIMg0do3GdK9sMdiLKP3GYVVaxpPKORgm8KRKaNTEhAjgIpLMw==",
      "requires": {
        "regenerator-runtime": "^0.13.2"
      }
    },
    "core-js": {
      "version": "2.6.10",
      "resolved": "https://registry.npmjs.org/core-js/-/core-js-2.6.10.tgz",
      "integrity": "sha512-I39t74+4t+zau64EN1fE5v2W31Adtc/REhzWN+gWRRXg6WH5qAsZm62DHpQ1+Yhe4047T55jvzz7MUqF/dBBlA=="
    },
    "dcmjs": {
      "version": "0.7.0",
      "resolved": "https://registry.npmjs.org/dcmjs/-/dcmjs-0.7.0.tgz",
      "integrity": "sha512-2XVnyfQ3Kp0rtomNoDiAJ78SWZazhmEEvbhYL8nMib/2Qf7VVfB/hLxoYi4XfDuNYW/3Wh8fRm+0j7/OLMAzmg==",
      "requires": {
        "@babel/polyfill": "^7.2.5",
        "@babel/runtime": "^7.3.1",
        "loglevelnext": "^3.0.0",
        "ndarray": "^1.0.18"
      }
    },
    "gl-matrix": {
      "version": "2.3.2",
      "resolved": "https://registry.npmjs.org/gl-matrix/-/gl-matrix-2.3.2.tgz",
      "integrity": "sha1-qsgIx0r31dsF/gTLYMoaD8sXTXQ="
    },
    "iota-array": {
      "version": "1.0.0",
      "resolved": "https://registry.npmjs.org/iota-array/-/iota-array-1.0.0.tgz",
      "integrity": "sha1-ge9X/l0FgUzVjCSDYyqZwwoOgIc="
    },
    "is-buffer": {
      "version": "1.1.6",
      "resolved": "https://registry.npmjs.org/is-buffer/-/is-buffer-1.1.6.tgz",
      "integrity": "sha512-NcdALwpXkTm5Zvvbk7owOUSvVvBKDgKP5/ewfXEznmQFfs4ZRmanOeKBTjRVjka3QFoN6XJ+9F3USqfHqTaU5w=="
    },
    "loglevelnext": {
      "version": "3.0.1",
      "resolved": "https://registry.npmjs.org/loglevelnext/-/loglevelnext-3.0.1.tgz",
      "integrity": "sha512-JpjaJhIN1reaSb26SIxDGtE0uc67gPl19OMVHrr+Ggt6b/Vy60jmCtKgQBrygAH0bhRA2nkxgDvM+8QvR8r0YA=="
    },
    "ndarray": {
      "version": "1.0.18",
      "resolved": "https://registry.npmjs.org/ndarray/-/ndarray-1.0.18.tgz",
      "integrity": "sha1-tg06cyJOxVXQ+qeXEeUCRI/T95M=",
      "requires": {
        "iota-array": "^1.0.0",
        "is-buffer": "^1.0.2"
      }
    },
    "ohif-step": {
      "version": "0.0.1",
      "resolved": "https://registry.npmjs.org/ohif-step/-/ohif-step-0.0.1.tgz",
      "integrity": "sha512-1gh3V15D2kUzYjZV6zD89+lIy34CdeOI5kN1IlD5YPIG7c9mSHuMbYufKjfvPW6wtwZ94tHGa7QtdykIawLShg==",
      "requires": {
        "dcmjs": "^0.7.0",
        "gl-matrix": "2.3.2"
      }
    },
    "regenerator-runtime": {
      "version": "0.13.3",
      "resolved": "https://registry.npmjs.org/regenerator-runtime/-/regenerator-runtime-0.13.3.tgz",
      "integrity": "sha512-naKIZz2GQ8JWh///G7L3X6LaQUAMp2lvb1rvwwsURe/VXwD6VMfr+/1NuNw3ag8v2kY1aQ/go5SNn79O9JU7yw=="
    }
  }
}
